// !$*UTF8*$!
{
	archiveVersion = 1;
	classes = {
	};
	objectVersion = 50;
	objects = {

/* Begin PBXBuildFile section */
		CF112E1A24D22BEF00719B92 /* AppDelegate.swift in Sources */ = {isa = PBXBuildFile; fileRef = CF112E1924D22BEF00719B92 /* AppDelegate.swift */; };
		CF112E1C24D22BEF00719B92 /* SceneDelegate.swift in Sources */ = {isa = PBXBuildFile; fileRef = CF112E1B24D22BEF00719B92 /* SceneDelegate.swift */; };
		CF112E1E24D22BEF00719B92 /* ViewController.swift in Sources */ = {isa = PBXBuildFile; fileRef = CF112E1D24D22BEF00719B92 /* ViewController.swift */; };
		CF112E2124D22BEF00719B92 /* Main.storyboard in Resources */ = {isa = PBXBuildFile; fileRef = CF112E1F24D22BEF00719B92 /* Main.storyboard */; };
		CF112E2324D22BF300719B92 /* Assets.xcassets in Resources */ = {isa = PBXBuildFile; fileRef = CF112E2224D22BF300719B92 /* Assets.xcassets */; };
		CF112E2624D22BF300719B92 /* LaunchScreen.storyboard in Resources */ = {isa = PBXBuildFile; fileRef = CF112E2424D22BF300719B92 /* LaunchScreen.storyboard */; };
		CF112E2E24D22C1900719B92 /* Advinha1.swift in Sources */ = {isa = PBXBuildFile; fileRef = CF112E2D24D22C1900719B92 /* Advinha1.swift */; };
		CF112E3024D22C2A00719B92 /* Advinha2.swift in Sources */ = {isa = PBXBuildFile; fileRef = CF112E2F24D22C2A00719B92 /* Advinha2.swift */; };
		CF112E5D24D237BE00719B92 /* Gato.swift in Sources */ = {isa = PBXBuildFile; fileRef = CF112E5C24D237BE00719B92 /* Gato.swift */; };
		CF112E5F24D237CE00719B92 /* Cachorro.swift in Sources */ = {isa = PBXBuildFile; fileRef = CF112E5E24D237CE00719B92 /* Cachorro.swift */; };
		CF112E6124D237D700719B92 /* Passaro.swift in Sources */ = {isa = PBXBuildFile; fileRef = CF112E6024D237D700719B92 /* Passaro.swift */; };
		CF112E6324D2474300719B92 /* Animal.swift in Sources */ = {isa = PBXBuildFile; fileRef = CF112E6224D2474300719B92 /* Animal.swift */; };
/* End PBXBuildFile section */

/* Begin PBXFileReference section */
		CF112E1624D22BEF00719B92 /* Advinha.app */ = {isa = PBXFileReference; explicitFileType = wrapper.application; includeInIndex = 0; path = Advinha.app; sourceTree = BUILT_PRODUCTS_DIR; };
		CF112E1924D22BEF00719B92 /* AppDelegate.swift */ = {isa = PBXFileReference; lastKnownFileType = sourcecode.swift; path = AppDelegate.swift; sourceTree = "<group>"; };
		CF112E1B24D22BEF00719B92 /* SceneDelegate.swift */ = {isa = PBXFileReference; lastKnownFileType = sourcecode.swift; path = SceneDelegate.swift; sourceTree = "<group>"; };
		CF112E1D24D22BEF00719B92 /* ViewController.swift */ = {isa = PBXFileReference; lastKnownFileType = sourcecode.swift; path = ViewController.swift; sourceTree = "<group>"; };
		CF112E2024D22BEF00719B92 /* Base */ = {isa = PBXFileReference; lastKnownFileType = file.storyboard; name = Base; path = Base.lproj/Main.storyboard; sourceTree = "<group>"; };
		CF112E2224D22BF300719B92 /* Assets.xcassets */ = {isa = PBXFileReference; lastKnownFileType = folder.assetcatalog; path = Assets.xcassets; sourceTree = "<group>"; };
		CF112E2524D22BF300719B92 /* Base */ = {isa = PBXFileReference; lastKnownFileType = file.storyboard; name = Base; path = Base.lproj/LaunchScreen.storyboard; sourceTree = "<group>"; };
		CF112E2724D22BF300719B92 /* Info.plist */ = {isa = PBXFileReference; lastKnownFileType = text.plist.xml; path = Info.plist; sourceTree = "<group>"; };
		CF112E2D24D22C1900719B92 /* Advinha1.swift */ = {isa = PBXFileReference; lastKnownFileType = sourcecode.swift; path = Advinha1.swift; sourceTree = "<group>"; };
		CF112E2F24D22C2A00719B92 /* Advinha2.swift */ = {isa = PBXFileReference; lastKnownFileType = sourcecode.swift; path = Advinha2.swift; sourceTree = "<group>"; };
		CF112E5C24D237BE00719B92 /* Gato.swift */ = {isa = PBXFileReference; lastKnownFileType = sourcecode.swift; path = Gato.swift; sourceTree = "<group>"; };
		CF112E5E24D237CE00719B92 /* Cachorro.swift */ = {isa = PBXFileReference; lastKnownFileType = sourcecode.swift; path = Cachorro.swift; sourceTree = "<group>"; };
		CF112E6024D237D700719B92 /* Passaro.swift */ = {isa = PBXFileReference; lastKnownFileType = sourcecode.swift; path = Passaro.swift; sourceTree = "<group>"; };
		CF112E6224D2474300719B92 /* Animal.swift */ = {isa = PBXFileReference; lastKnownFileType = sourcecode.swift; path = Animal.swift; sourceTree = "<group>"; };
/* End PBXFileReference section */

/* Begin PBXFrameworksBuildPhase section */
		CF112E1324D22BEF00719B92 /* Frameworks */ = {
			isa = PBXFrameworksBuildPhase;
			buildActionMask = 2147483647;
			files = (
			);
			runOnlyForDeploymentPostprocessing = 0;
		};
/* End PBXFrameworksBuildPhase section */

/* Begin PBXGroup section */
		CF112E0D24D22BEF00719B92 = {
			isa = PBXGroup;
			children = (
				CF112E1824D22BEF00719B92 /* Advinha */,
				CF112E1724D22BEF00719B92 /* Products */,
			);
			sourceTree = "<group>";
		};
		CF112E1724D22BEF00719B92 /* Products */ = {
			isa = PBXGroup;
			children = (
				CF112E1624D22BEF00719B92 /* Advinha.app */,
			);
			name = Products;
			sourceTree = "<group>";
		};
		CF112E1824D22BEF00719B92 /* Advinha */ = {
			isa = PBXGroup;
			children = (
				CF112E1924D22BEF00719B92 /* AppDelegate.swift */,
				CF112E1B24D22BEF00719B92 /* SceneDelegate.swift */,
				CF112E1D24D22BEF00719B92 /* ViewController.swift */,
				CF112E5C24D237BE00719B92 /* Gato.swift */,
				CF112E6024D237D700719B92 /* Passaro.swift */,
				CF112E5E24D237CE00719B92 /* Cachorro.swift */,
				CF112E2D24D22C1900719B92 /* Advinha1.swift */,
				CF112E6224D2474300719B92 /* Animal.swift */,
				CF112E2F24D22C2A00719B92 /* Advinha2.swift */,
				CF112E1F24D22BEF00719B92 /* Main.storyboard */,
				CF112E2224D22BF300719B92 /* Assets.xcassets */,
				CF112E2424D22BF300719B92 /* LaunchScreen.storyboard */,
				CF112E2724D22BF300719B92 /* Info.plist */,
			);
			path = Advinha;
			sourceTree = "<group>";
		};
/* End PBXGroup section */

/* Begin PBXNativeTarget section */
		CF112E1524D22BEF00719B92 /* Advinha */ = {
			isa = PBXNativeTarget;
			buildConfigurationList = CF112E2A24D22BF300719B92 /* Build configuration list for PBXNativeTarget "Advinha" */;
			buildPhases = (
				CF112E1224D22BEF00719B92 /* Sources */,
				CF112E1324D22BEF00719B92 /* Frameworks */,
				CF112E1424D22BEF00719B92 /* Resources */,
			);
			buildRules = (
			);
			dependencies = (
			);
			name = Advinha;
			productName = Advinha;
			productReference = CF112E1624D22BEF00719B92 /* Advinha.app */;
			productType = "com.apple.product-type.application";
		};
/* End PBXNativeTarget section */

/* Begin PBXProject section */
		CF112E0E24D22BEF00719B92 /* Project object */ = {
			isa = PBXProject;
			attributes = {
				LastSwiftUpdateCheck = 1160;
				LastUpgradeCheck = 1160;
				ORGANIZATIONNAME = "Nadilson Santana";
				TargetAttributes = {
					CF112E1524D22BEF00719B92 = {
						CreatedOnToolsVersion = 11.6;
					};
				};
			};
			buildConfigurationList = CF112E1124D22BEF00719B92 /* Build configuration list for PBXProject "Advinha" */;
			compatibilityVersion = "Xcode 9.3";
			developmentRegion = en;
			hasScannedForEncodings = 0;
			knownRegions = (
				en,
				Base,
			);
			mainGroup = CF112E0D24D22BEF00719B92;
			productRefGroup = CF112E1724D22BEF00719B92 /* Products */;
			projectDirPath = "";
			projectRoot = "";
			targets = (
				CF112E1524D22BEF00719B92 /* Advinha */,
			);
		};
/* End PBXProject section */

/* Begin PBXResourcesBuildPhase section */
		CF112E1424D22BEF00719B92 /* Resources */ = {
			isa = PBXResourcesBuildPhase;
			buildActionMask = 2147483647;
			files = (
				CF112E2624D22BF300719B92 /* LaunchScreen.storyboard in Resources */,
				CF112E2324D22BF300719B92 /* Assets.xcassets in Resources */,
				CF112E2124D22BEF00719B92 /* Main.storyboard in Resources */,
			);
			runOnlyForDeploymentPostprocessing = 0;
		};
/* End PBXResourcesBuildPhase section */

/* Begin PBXSourcesBuildPhase section */
		CF112E1224D22BEF00719B92 /* Sources */ = {
			isa = PBXSourcesBuildPhase;
			buildActionMask = 2147483647;
			files = (
				CF112E3024D22C2A00719B92 /* Advinha2.swift in Sources */,
				CF112E6124D237D700719B92 /* Passaro.swift in Sources */,
				CF112E1E24D22BEF00719B92 /* ViewController.swift in Sources */,
				CF112E2E24D22C1900719B92 /* Advinha1.swift in Sources */,
				CF112E5F24D237CE00719B92 /* Cachorro.swift in Sources */,
				CF112E1A24D22BEF00719B92 /* AppDelegate.swift in Sources */,
				CF112E5D24D237BE00719B92 /* Gato.swift in Sources */,
				CF112E1C24D22BEF00719B92 /* SceneDelegate.swift in Sources */,
				CF112E6324D2474300719B92 /* Animal.swift in Sources */,
			);
			runOnlyForDeploymentPostprocessing = 0;
		};
/* End PBXSourcesBuildPhase section */

/* Begin PBXVariantGroup section */
		CF112E1F24D22BEF00719B92 /* Main.storyboard */ = {
			isa = PBXVariantGroup;
			children = (
				CF112E2024D22BEF00719B92 /* Base */,
			);
			name = Main.storyboard;
			sourceTree = "<group>";
		};
		CF112E2424D22BF300719B92 /* LaunchScreen.storyboard */ = {
			isa = PBXVariantGroup;
			children = (
				CF112E2524D22BF300719B92 /* Base */,
			);
			name = LaunchScreen.storyboard;
			sourceTree = "<group>";
		};
/* End PBXVariantGroup section */

/* Begin XCBuildConfiguration section */
		CF112E2824D22BF300719B92 /* Debug */ = {
			isa = XCBuildConfiguration;
			buildSettings = {
				ALWAYS_SEARCH_USER_PATHS = NO;
				CLANG_ANALYZER_NONNULL = YES;
				CLANG_ANALYZER_NUMBER_OBJECT_CONVERSION = YES_AGGRESSIVE;
				CLANG_CXX_LANGUAGE_STANDARD = "gnu++14";
				CLANG_CXX_LIBRARY = "libc++";
				CLANG_ENABLE_MODULES = YES;
				CLANG_ENABLE_OBJC_ARC = YES;
				CLANG_ENABLE_OBJC_WEAK = YES;
				CLANG_WARN_BLOCK_CAPTURE_AUTORELEASING = YES;
				CLANG_WARN_BOOL_CONVERSION = YES;
				CLANG_WARN_COMMA = YES;
				CLANG_WARN_CONSTANT_CONVERSION = YES;
				CLANG_WARN_DEPRECATED_OBJC_IMPLEMENTATIONS = YES;
				CLANG_WARN_DIRECT_OBJC_ISA_USAGE = YES_ERROR;
				CLANG_WARN_DOCUMENTATION_COMMENTS = YES;
				CLANG_WARN_EMPTY_BODY = YES;
				CLANG_WARN_ENUM_CONVERSION = YES;
				CLANG_WARN_INFINITE_RECURSION = YES;
				CLANG_WARN_INT_CONVERSION = YES;
				CLANG_WARN_NON_LITERAL_NULL_CONVERSION = YES;
				CLANG_WARN_OBJC_IMPLICIT_RETAIN_SELF = YES;
				CLANG_WARN_OBJC_LITERAL_CONVERSION = YES;
				CLANG_WARN_OBJC_ROOT_CLASS = YES_ERROR;
				CLANG_WARN_RANGE_LOOP_ANALYSIS = YES;
				CLANG_WARN_STRICT_PROTOTYPES = YES;
				CLANG_WARN_SUSPICIOUS_MOVE = YES;
				CLANG_WARN_UNGUARDED_AVAILABILITY = YES_AGGRESSIVE;
				CLANG_WARN_UNREACHABLE_CODE = YES;
				CLANG_WARN__DUPLICATE_METHOD_MATCH = YES;
				COPY_PHASE_STRIP = NO;
				DEBUG_INFORMATION_FORMAT = dwarf;
				ENABLE_STRICT_OBJC_MSGSEND = YES;
				ENABLE_TESTABILITY = YES;
				GCC_C_LANGUAGE_STANDARD = gnu11;
				GCC_DYNAMIC_NO_PIC = NO;
				GCC_NO_COMMON_BLOCKS = YES;
				GCC_OPTIMIZATION_LEVEL = 0;
				GCC_PREPROCESSOR_DEFINITIONS = (
					"DEBUG=1",
					"$(inherited)",
				);
				GCC_WARN_64_TO_32_BIT_CONVERSION = YES;
				GCC_WARN_ABOUT_RETURN_TYPE = YES_ERROR;
				GCC_WARN_UNDECLARED_SELECTOR = YES;
				GCC_WARN_UNINITIALIZED_AUTOS = YES_AGGRESSIVE;
				GCC_WARN_UNUSED_FUNCTION = YES;
				GCC_WARN_UNUSED_VARIABLE = YES;
				IPHONEOS_DEPLOYMENT_TARGET = 13.6;
				MTL_ENABLE_DEBUG_INFO = INCLUDE_SOURCE;
				MTL_FAST_MATH = YES;
				ONLY_ACTIVE_ARCH = YES;
				SDKROOT = iphoneos;
				SWIFT_ACTIVE_COMPILATION_CONDITIONS = DEBUG;
				SWIFT_OPTIMIZATION_LEVEL = "-Onone";
			};
			name = Debug;
		};
		CF112E2924D22BF300719B92 /* Release */ = {
			isa = XCBuildConfiguration;
			buildSettings = {
				ALWAYS_SEARCH_USER_PATHS = NO;
				CLANG_ANALYZER_NONNULL = YES;
				CLANG_ANALYZER_NUMBER_OBJECT_CONVERSION = YES_AGGRESSIVE;
				CLANG_CXX_LANGUAGE_STANDARD = "gnu++14";
				CLANG_CXX_LIBRARY = "libc++";
				CLANG_ENABLE_MODULES = YES;
				CLANG_ENABLE_OBJC_ARC = YES;
				CLANG_ENABLE_OBJC_WEAK = YES;
				CLANG_WARN_BLOCK_CAPTURE_AUTORELEASING = YES;
				CLANG_WARN_BOOL_CONVERSION = YES;
				CLANG_WARN_COMMA = YES;
				CLANG_WARN_CONSTANT_CONVERSION = YES;
				CLANG_WARN_DEPRECATED_OBJC_IMPLEMENTATIONS = YES;
				CLANG_WARN_DIRECT_OBJC_ISA_USAGE = YES_ERROR;
				CLANG_WARN_DOCUMENTATION_COMMENTS = YES;
				CLANG_WARN_EMPTY_BODY = YES;
				CLANG_WARN_ENUM_CONVERSION = YES;
				CLANG_WARN_INFINITE_RECURSION = YES;
				CLANG_WARN_INT_CONVERSION = YES;
				CLANG_WARN_NON_LITERAL_NULL_CONVERSION = YES;
				CLANG_WARN_OBJC_IMPLICIT_RETAIN_SELF = YES;
				CLANG_WARN_OBJC_LITERAL_CONVERSION = YES;
				CLANG_WARN_OBJC_ROOT_CLASS = YES_ERROR;
				CLANG_WARN_RANGE_LOOP_ANALYSIS = YES;
				CLANG_WARN_STRICT_PROTOTYPES = YES;
				CLANG_WARN_SUSPICIOUS_MOVE = YES;
				CLANG_WARN_UNGUARDED_AVAILABILITY = YES_AGGRESSIVE;
				CLANG_WARN_UNREACHABLE_CODE = YES;
				CLANG_WARN__DUPLICATE_METHOD_MATCH = YES;
				COPY_PHASE_STRIP = NO;
				DEBUG_INFORMATION_FORMAT = "dwarf-with-dsym";
				ENABLE_NS_ASSERTIONS = NO;
				ENABLE_STRICT_OBJC_MSGSEND = YES;
				GCC_C_LANGUAGE_STANDARD = gnu11;
				GCC_NO_COMMON_BLOCKS = YES;
				GCC_WARN_64_TO_32_BIT_CONVERSION = YES;
				GCC_WARN_ABOUT_RETURN_TYPE = YES_ERROR;
				GCC_WARN_UNDECLARED_SELECTOR = YES;
				GCC_WARN_UNINITIALIZED_AUTOS = YES_AGGRESSIVE;
				GCC_WARN_UNUSED_FUNCTION = YES;
				GCC_WARN_UNUSED_VARIABLE = YES;
				IPHONEOS_DEPLOYMENT_TARGET = 13.6;
				MTL_ENABLE_DEBUG_INFO = NO;
				MTL_FAST_MATH = YES;
				SDKROOT = iphoneos;
				SWIFT_COMPILATION_MODE = wholemodule;
				SWIFT_OPTIMIZATION_LEVEL = "-O";
				VALIDATE_PRODUCT = YES;
			};
			name = Release;
		};
		CF112E2B24D22BF300719B92 /* Debug */ = {
			isa = XCBuildConfiguration;
			buildSettings = {
				ASSETCATALOG_COMPILER_APPICON_NAME = AppIcon;
				CODE_SIGN_STYLE = Automatic;
				INFOPLIST_FILE = Advinha/Info.plist;
				LD_RUNPATH_SEARCH_PATHS = (
					"$(inherited)",
					"@executable_path/Frameworks",
				);
				PRODUCT_BUNDLE_IDENTIFIER = dh.Advinha;
				PRODUCT_NAME = "$(TARGET_NAME)";
				SWIFT_VERSION = 5.0;
				TARGETED_DEVICE_FAMILY = "1,2";
			};
			name = Debug;
		};
		CF112E2C24D22BF300719B92 /* Release */ = {
			isa = XCBuildConfiguration;
			buildSettings = {
				ASSETCATALOG_COMPILER_APPICON_NAME = AppIcon;
				CODE_SIGN_STYLE = Automatic;
				INFOPLIST_FILE = Advinha/Info.plist;
				LD_RUNPATH_SEARCH_PATHS = (
					"$(inherited)",
					"@executable_path/Frameworks",
				);
				PRODUCT_BUNDLE_IDENTIFIER = dh.Advinha;
				PRODUCT_NAME = "$(TARGET_NAME)";
				SWIFT_VERSION = 5.0;
				TARGETED_DEVICE_FAMILY = "1,2";
			};
			name = Release;
		};
/* End XCBuildConfiguration section */

/* Begin XCConfigurationList section */
		CF112E1124D22BEF00719B92 /* Build configuration list for PBXProject "Advinha" */ = {
			isa = XCConfigurationList;
			buildConfigurations = (
				CF112E2824D22BF300719B92 /* Debug */,
				CF112E2924D22BF300719B92 /* Release */,
			);
			defaultConfigurationIsVisible = 0;
			defaultConfigurationName = Release;
		};
		CF112E2A24D22BF300719B92 /* Build configuration list for PBXNativeTarget "Advinha" */ = {
			isa = XCConfigurationList;
			buildConfigurations = (
				CF112E2B24D22BF300719B92 /* Debug */,
				CF112E2C24D22BF300719B92 /* Release */,
			);
			defaultConfigurationIsVisible = 0;
			defaultConfigurationName = Release;
		};
/* End XCConfigurationList section */
	};
	rootObject = CF112E0E24D22BEF00719B92 /* Project object */;
}
